
Microsoft Visual Studio Solution File, Format Version 12.00
# Visual Studio Version 17
VisualStudioVersion = 17.4.33213.308
MinimumVisualStudioVersion = 10.0.40219.1
Project("{FAE04EC0-301F-11D3-BF4B-00C04F79EFBC}") = "RoomLibrary", "RoomLibrary\RoomLibrary.csproj", "{ADCDCB34-5DF0-4140-B274-4A4B0927A20E}"
EndProject
Global
	GlobalSection(SolutionConfigurationPlatforms) = preSolution
		Debug|Any CPU = Debug|Any CPU
		Release|Any CPU = Release|Any CPU
	EndGlobalSection
	GlobalSection(ProjectConfigurationPlatforms) = postSolution
		{ADCDCB34-5DF0-4140-B274-4A4B0927A20E}.Debug|Any CPU.ActiveCfg = Debug|Any CPU
		{ADCDCB34-5DF0-4140-B274-4A4B0927A20E}.Debug|Any CPU.Build.0 = Debug|Any CPU
		{ADCDCB34-5DF0-4140-B274-4A4B0927A20E}.Release|Any CPU.ActiveCfg = Release|Any CPU
		{ADCDCB34-5DF0-4140-B274-4A4B0927A20E}.Release|Any CPU.Build.0 = Release|Any CPU
	EndGlobalSection
	GlobalSection(SolutionProperties) = preSolution
		HideSolutionNode = FALSE
	EndGlobalSection
	GlobalSection(ExtensibilityGlobals) = postSolution
		SolutionGuid = {13889E2C-BAE9-4CE5-ADDC-16F8E7B717D6}
	EndGlobalSection
EndGlobal
