
Microsoft Visual Studio Solution File, Format Version 12.00
# Visual Studio Version 17
VisualStudioVersion = 17.3.32825.248
MinimumVisualStudioVersion = 10.0.40219.1
Project("{FAE04EC0-301F-11D3-BF4B-00C04F79EFBC}") = "UserControlTomin", "UserControlZaitsev\UserControlTomin.csproj", "{01BD9986-ECA6-456D-AB35-F884BB048652}"
EndProject
Global
	GlobalSection(SolutionConfigurationPlatforms) = preSolution
		Debug|Any CPU = Debug|Any CPU
		Release|Any CPU = Release|Any CPU
	EndGlobalSection
	GlobalSection(ProjectConfigurationPlatforms) = postSolution
		{01BD9986-ECA6-456D-AB35-F884BB048652}.Debug|Any CPU.ActiveCfg = Debug|Any CPU
		{01BD9986-ECA6-456D-AB35-F884BB048652}.Debug|Any CPU.Build.0 = Debug|Any CPU
		{01BD9986-ECA6-456D-AB35-F884BB048652}.Release|Any CPU.ActiveCfg = Release|Any CPU
		{01BD9986-ECA6-456D-AB35-F884BB048652}.Release|Any CPU.Build.0 = Release|Any CPU
	EndGlobalSection
	GlobalSection(SolutionProperties) = preSolution
		HideSolutionNode = FALSE
	EndGlobalSection
	GlobalSection(ExtensibilityGlobals) = postSolution
		SolutionGuid = {5AFD5F66-C6DC-4A00-BB8C-C9A40068A9B0}
	EndGlobalSection
EndGlobal
