
Microsoft Visual Studio Solution File, Format Version 12.00
# Visual Studio Version 17
VisualStudioVersion = 17.4.33213.308
MinimumVisualStudioVersion = 10.0.40219.1
Project("{FAE04EC0-301F-11D3-BF4B-00C04F79EFBC}") = "RoomsArea", "RoomsArea\RoomsArea.csproj", "{127CF2A4-1736-40DC-81CD-E2D81E991A51}"
EndProject
Global
	GlobalSection(SolutionConfigurationPlatforms) = preSolution
		Debug|Any CPU = Debug|Any CPU
		Release|Any CPU = Release|Any CPU
	EndGlobalSection
	GlobalSection(ProjectConfigurationPlatforms) = postSolution
		{127CF2A4-1736-40DC-81CD-E2D81E991A51}.Debug|Any CPU.ActiveCfg = Debug|Any CPU
		{127CF2A4-1736-40DC-81CD-E2D81E991A51}.Debug|Any CPU.Build.0 = Debug|Any CPU
		{127CF2A4-1736-40DC-81CD-E2D81E991A51}.Release|Any CPU.ActiveCfg = Release|Any CPU
		{127CF2A4-1736-40DC-81CD-E2D81E991A51}.Release|Any CPU.Build.0 = Release|Any CPU
	EndGlobalSection
	GlobalSection(SolutionProperties) = preSolution
		HideSolutionNode = FALSE
	EndGlobalSection
	GlobalSection(ExtensibilityGlobals) = postSolution
		SolutionGuid = {947382DE-383D-4EC0-8AC8-1DA9244A3F7B}
	EndGlobalSection
EndGlobal
