
Microsoft Visual Studio Solution File, Format Version 12.00
# Visual Studio Version 17
VisualStudioVersion = 17.3.32825.248
MinimumVisualStudioVersion = 10.0.40219.1
Project("{FAE04EC0-301F-11D3-BF4B-00C04F79EFBC}") = "Текстовый редактор", "Текстовый редактор.csproj", "{304CF480-637E-4DBD-A9D7-B253A0AF1A42}"
EndProject
Global
	GlobalSection(SolutionConfigurationPlatforms) = preSolution
		Debug|Any CPU = Debug|Any CPU
		Release|Any CPU = Release|Any CPU
	EndGlobalSection
	GlobalSection(ProjectConfigurationPlatforms) = postSolution
		{304CF480-637E-4DBD-A9D7-B253A0AF1A42}.Debug|Any CPU.ActiveCfg = Debug|Any CPU
		{304CF480-637E-4DBD-A9D7-B253A0AF1A42}.Debug|Any CPU.Build.0 = Debug|Any CPU
		{304CF480-637E-4DBD-A9D7-B253A0AF1A42}.Release|Any CPU.ActiveCfg = Release|Any CPU
		{304CF480-637E-4DBD-A9D7-B253A0AF1A42}.Release|Any CPU.Build.0 = Release|Any CPU
	EndGlobalSection
	GlobalSection(SolutionProperties) = preSolution
		HideSolutionNode = FALSE
	EndGlobalSection
	GlobalSection(ExtensibilityGlobals) = postSolution
		SolutionGuid = {EACA612C-FDBF-41D2-A9E2-5305B51E8E21}
	EndGlobalSection
EndGlobal
