
Microsoft Visual Studio Solution File, Format Version 12.00
# Visual Studio Version 17
VisualStudioVersion = 17.4.33103.184
MinimumVisualStudioVersion = 10.0.40219.1
Project("{FAE04EC0-301F-11D3-BF4B-00C04F79EFBC}") = "RoomExample", "RoomExample\RoomExample.csproj", "{D91840E5-7FBE-4E37-B7A8-0429610520B7}"
EndProject
Global
	GlobalSection(SolutionConfigurationPlatforms) = preSolution
		Debug|Any CPU = Debug|Any CPU
		Release|Any CPU = Release|Any CPU
	EndGlobalSection
	GlobalSection(ProjectConfigurationPlatforms) = postSolution
		{D91840E5-7FBE-4E37-B7A8-0429610520B7}.Debug|Any CPU.ActiveCfg = Debug|Any CPU
		{D91840E5-7FBE-4E37-B7A8-0429610520B7}.Debug|Any CPU.Build.0 = Debug|Any CPU
		{D91840E5-7FBE-4E37-B7A8-0429610520B7}.Release|Any CPU.ActiveCfg = Release|Any CPU
		{D91840E5-7FBE-4E37-B7A8-0429610520B7}.Release|Any CPU.Build.0 = Release|Any CPU
	EndGlobalSection
	GlobalSection(SolutionProperties) = preSolution
		HideSolutionNode = FALSE
	EndGlobalSection
	GlobalSection(ExtensibilityGlobals) = postSolution
		SolutionGuid = {C3BC97BB-63D4-4F0A-9D07-4AC91C4E21A0}
	EndGlobalSection
EndGlobal
